
Microsoft Visual Studio Solution File, Format Version 12.00
# Visual Studio Version 16
VisualStudioVersion = 16.0.29806.167
MinimumVisualStudioVersion = 10.0.40219.1
Project("{FAE04EC0-301F-11D3-BF4B-00C04F79EFBC}") = "Adreslezen", "Adreslezen\Adreslezen.csproj", "{E580F8D0-1321-41DE-87B6-E2BB5BC45D29}"
EndProject
Global
	GlobalSection(SolutionConfigurationPlatforms) = preSolution
		Debug|Any CPU = Debug|Any CPU
		Release|Any CPU = Release|Any CPU
	EndGlobalSection
	GlobalSection(ProjectConfigurationPlatforms) = postSolution
		{E580F8D0-1321-41DE-87B6-E2BB5BC45D29}.Debug|Any CPU.ActiveCfg = Debug|Any CPU
		{E580F8D0-1321-41DE-87B6-E2BB5BC45D29}.Debug|Any CPU.Build.0 = Debug|Any CPU
		{E580F8D0-1321-41DE-87B6-E2BB5BC45D29}.Release|Any CPU.ActiveCfg = Release|Any CPU
		{E580F8D0-1321-41DE-87B6-E2BB5BC45D29}.Release|Any CPU.Build.0 = Release|Any CPU
	EndGlobalSection
	GlobalSection(SolutionProperties) = preSolution
		HideSolutionNode = FALSE
	EndGlobalSection
	GlobalSection(ExtensibilityGlobals) = postSolution
		SolutionGuid = {DC4B6307-B85D-4046-A9D9-A6D04797F8F1}
	EndGlobalSection
EndGlobal
